
Microsoft Visual Studio Solution File, Format Version 12.00
# Visual Studio Version 16
VisualStudioVersion = 16.0.33529.622
MinimumVisualStudioVersion = 10.0.40219.1
Project("{FAE04EC0-301F-11D3-BF4B-00C04F79EFBC}") = "Juego ATRAPA LA LETRA", "Juego ATRAPA LA LETRA\Juego ATRAPA LA LETRA.csproj", "{86C3A359-4029-42EB-8445-1C7A45396A06}"
EndProject
Global
	GlobalSection(SolutionConfigurationPlatforms) = preSolution
		Debug|Any CPU = Debug|Any CPU
		Release|Any CPU = Release|Any CPU
	EndGlobalSection
	GlobalSection(ProjectConfigurationPlatforms) = postSolution
		{86C3A359-4029-42EB-8445-1C7A45396A06}.Debug|Any CPU.ActiveCfg = Debug|Any CPU
		{86C3A359-4029-42EB-8445-1C7A45396A06}.Debug|Any CPU.Build.0 = Debug|Any CPU
		{86C3A359-4029-42EB-8445-1C7A45396A06}.Release|Any CPU.ActiveCfg = Release|Any CPU
		{86C3A359-4029-42EB-8445-1C7A45396A06}.Release|Any CPU.Build.0 = Release|Any CPU
	EndGlobalSection
	GlobalSection(SolutionProperties) = preSolution
		HideSolutionNode = FALSE
	EndGlobalSection
	GlobalSection(ExtensibilityGlobals) = postSolution
		SolutionGuid = {60CDD9C0-3AE0-40B9-BE61-403C0B2C5537}
	EndGlobalSection
EndGlobal
